{
  "version": 4,
  "terraform_version": "1.4.2",
  "serial": 5,
  "lineage": "0acee6df-8802-c5d0-ff1b-043a62869d76",
  "outputs": {},
  "resources": [
    {
      "mode": "managed",
      "type": "aws_apprunner_auto_scaling_configuration_version",
      "name": "app_runner",
      "provider": "provider[\"registry.terraform.io/hashicorp/aws\"]",
      "instances": [
        {
          "schema_version": 0,
          "attributes": {
            "arn": "arn:aws:apprunner:us-east-1:864245922788:autoscalingconfiguration/app_runner_auto_scaling/1/a687f4b040b3466584d0b4b0e3483078",
            "auto_scaling_configuration_name": "app_runner_auto_scaling",
            "auto_scaling_configuration_revision": 1,
            "id": "arn:aws:apprunner:us-east-1:864245922788:autoscalingconfiguration/app_runner_auto_scaling/1/a687f4b040b3466584d0b4b0e3483078",
            "latest": true,
            "max_concurrency": 100,
            "max_size": 5,
            "min_size": 1,
            "status": "active",
            "tags": null,
            "tags_all": {}
          },
          "sensitive_attributes": [],
          "private": "bnVsbA=="
        }
      ]
    },
    {
      "mode": "managed",
      "type": "aws_iam_role",
      "name": "myroles",
      "provider": "provider[\"registry.terraform.io/hashicorp/aws\"]",
      "instances": [
        {
          "schema_version": 0,
          "attributes": {
            "arn": "arn:aws:iam::864245922788:role/myroles",
            "assume_role_policy": "{\"Statement\":[{\"Action\":\"sts:AssumeRole\",\"Effect\":\"Allow\",\"Principal\":{\"Service\":\"build.apprunner.amazonaws.com\"}}],\"Version\":\"2012-10-17\"}",
            "create_date": "2023-04-03T04:54:49Z",
            "description": "",
            "force_detach_policies": false,
            "id": "myroles",
            "inline_policy": [],
            "managed_policy_arns": [],
            "max_session_duration": 3600,
            "name": "myroles",
            "name_prefix": "",
            "path": "/",
            "permissions_boundary": null,
            "tags": null,
            "tags_all": {},
            "unique_id": "AROA4SOISHPSAZ42V7Z5I"
          },
          "sensitive_attributes": [],
          "private": "bnVsbA=="
        }
      ]
    },
    {
      "mode": "managed",
      "type": "aws_iam_role_policy_attachment",
      "name": "myrolespolicy",
      "provider": "provider[\"registry.terraform.io/hashicorp/aws\"]",
      "instances": [
        {
          "schema_version": 0,
          "attributes": {
            "id": "myroles-20230403045450354100000001",
            "policy_arn": "arn:aws:iam::aws:policy/service-role/AWSAppRunnerServicePolicyForECRAccess",
            "role": "myroles"
          },
          "sensitive_attributes": [],
          "private": "bnVsbA==",
          "dependencies": [
            "aws_iam_role.myroles"
          ]
        }
      ]
    }
  ],
  "check_results": null
}
